
Microsoft Visual Studio Solution File, Format Version 12.00
# Visual Studio Version 17
VisualStudioVersion = 17.14.36511.14
MinimumVisualStudioVersion = 10.0.40219.1
Project("{FAE04EC0-301F-11D3-BF4B-00C04F79EFBC}") = "SchradinsAdventure", "SchradinsAdventure.csproj", "{35758292-F36A-474F-BD64-89859C9FAFD9}"
EndProject
Global
	GlobalSection(SolutionConfigurationPlatforms) = preSolution
		Debug|Any CPU = Debug|Any CPU
		Release|Any CPU = Release|Any CPU
	EndGlobalSection
	GlobalSection(ProjectConfigurationPlatforms) = postSolution
		{35758292-F36A-474F-BD64-89859C9FAFD9}.Debug|Any CPU.ActiveCfg = Debug|Any CPU
		{35758292-F36A-474F-BD64-89859C9FAFD9}.Debug|Any CPU.Build.0 = Debug|Any CPU
		{35758292-F36A-474F-BD64-89859C9FAFD9}.Release|Any CPU.ActiveCfg = Release|Any CPU
		{35758292-F36A-474F-BD64-89859C9FAFD9}.Release|Any CPU.Build.0 = Release|Any CPU
	EndGlobalSection
	GlobalSection(SolutionProperties) = preSolution
		HideSolutionNode = FALSE
	EndGlobalSection
	GlobalSection(ExtensibilityGlobals) = postSolution
		SolutionGuid = {232BC1C8-6769-4481-A6FE-34A4C6FA52B8}
	EndGlobalSection
EndGlobal
